// !$*UTF8*$!
{
	archiveVersion = 1;
	classes = {
	};
	objectVersion = 55;
	objects = {

/* Begin PBXBuildFile section */
		BE704D9D273FC28200A430C0 /* AppDelegate.swift in Sources */ = {isa = PBXBuildFile; fileRef = BE704D9C273FC28200A430C0 /* AppDelegate.swift */; };
		BE704D9F273FC28200A430C0 /* SceneDelegate.swift in Sources */ = {isa = PBXBuildFile; fileRef = BE704D9E273FC28200A430C0 /* SceneDelegate.swift */; };
		BE704DA1273FC28200A430C0 /* ViewController.swift in Sources */ = {isa = PBXBuildFile; fileRef = BE704DA0273FC28200A430C0 /* ViewController.swift */; };
		BE704DA4273FC28200A430C0 /* Main.storyboard in Resources */ = {isa = PBXBuildFile; fileRef = BE704DA2273FC28200A430C0 /* Main.storyboard */; };
		BE704DA6273FC28300A430C0 /* Assets.xcassets in Resources */ = {isa = PBXBuildFile; fileRef = BE704DA5273FC28300A430C0 /* Assets.xcassets */; };
		BE704DA9273FC28300A430C0 /* LaunchScreen.storyboard in Resources */ = {isa = PBXBuildFile; fileRef = BE704DA7273FC28300A430C0 /* LaunchScreen.storyboard */; };
		BE704DB4273FC28300A430C0 /* MissionListTests.swift in Sources */ = {isa = PBXBuildFile; fileRef = BE704DB3273FC28300A430C0 /* MissionListTests.swift */; };
		BE704DBE273FC28300A430C0 /* MissionListUITests.swift in Sources */ = {isa = PBXBuildFile; fileRef = BE704DBD273FC28300A430C0 /* MissionListUITests.swift */; };
		BE704DC0273FC28300A430C0 /* MissionListUITestsLaunchTests.swift in Sources */ = {isa = PBXBuildFile; fileRef = BE704DBF273FC28300A430C0 /* MissionListUITestsLaunchTests.swift */; };
/* End PBXBuildFile section */

/* Begin PBXContainerItemProxy section */
		BE704DB0273FC28300A430C0 /* PBXContainerItemProxy */ = {
			isa = PBXContainerItemProxy;
			containerPortal = BE704D91273FC28200A430C0 /* Project object */;
			proxyType = 1;
			remoteGlobalIDString = BE704D98273FC28200A430C0;
			remoteInfo = MissionList;
		};
		BE704DBA273FC28300A430C0 /* PBXContainerItemProxy */ = {
			isa = PBXContainerItemProxy;
			containerPortal = BE704D91273FC28200A430C0 /* Project object */;
			proxyType = 1;
			remoteGlobalIDString = BE704D98273FC28200A430C0;
			remoteInfo = MissionList;
		};
/* End PBXContainerItemProxy section */

/* Begin PBXFileReference section */
		BE704D99273FC28200A430C0 /* MissionList.app */ = {isa = PBXFileReference; explicitFileType = wrapper.application; includeInIndex = 0; path = MissionList.app; sourceTree = BUILT_PRODUCTS_DIR; };
		BE704D9C273FC28200A430C0 /* AppDelegate.swift */ = {isa = PBXFileReference; lastKnownFileType = sourcecode.swift; path = AppDelegate.swift; sourceTree = "<group>"; };
		BE704D9E273FC28200A430C0 /* SceneDelegate.swift */ = {isa = PBXFileReference; lastKnownFileType = sourcecode.swift; path = SceneDelegate.swift; sourceTree = "<group>"; };
		BE704DA0273FC28200A430C0 /* ViewController.swift */ = {isa = PBXFileReference; lastKnownFileType = sourcecode.swift; path = ViewController.swift; sourceTree = "<group>"; };
		BE704DA3273FC28200A430C0 /* Base */ = {isa = PBXFileReference; lastKnownFileType = file.storyboard; name = Base; path = Base.lproj/Main.storyboard; sourceTree = "<group>"; };
		BE704DA5273FC28300A430C0 /* Assets.xcassets */ = {isa = PBXFileReference; lastKnownFileType = folder.assetcatalog; path = Assets.xcassets; sourceTree = "<group>"; };
		BE704DA8273FC28300A430C0 /* Base */ = {isa = PBXFileReference; lastKnownFileType = file.storyboard; name = Base; path = Base.lproj/LaunchScreen.storyboard; sourceTree = "<group>"; };
		BE704DAA273FC28300A430C0 /* Info.plist */ = {isa = PBXFileReference; lastKnownFileType = text.plist.xml; path = Info.plist; sourceTree = "<group>"; };
		BE704DAF273FC28300A430C0 /* MissionListTests.xctest */ = {isa = PBXFileReference; explicitFileType = wrapper.cfbundle; includeInIndex = 0; path = MissionListTests.xctest; sourceTree = BUILT_PRODUCTS_DIR; };
		BE704DB3273FC28300A430C0 /* MissionListTests.swift */ = {isa = PBXFileReference; lastKnownFileType = sourcecode.swift; path = MissionListTests.swift; sourceTree = "<group>"; };
		BE704DB9273FC28300A430C0 /* MissionListUITests.xctest */ = {isa = PBXFileReference; explicitFileType = wrapper.cfbundle; includeInIndex = 0; path = MissionListUITests.xctest; sourceTree = BUILT_PRODUCTS_DIR; };
		BE704DBD273FC28300A430C0 /* MissionListUITests.swift */ = {isa = PBXFileReference; lastKnownFileType = sourcecode.swift; path = MissionListUITests.swift; sourceTree = "<group>"; };
		BE704DBF273FC28300A430C0 /* MissionListUITestsLaunchTests.swift */ = {isa = PBXFileReference; lastKnownFileType = sourcecode.swift; path = MissionListUITestsLaunchTests.swift; sourceTree = "<group>"; };
/* End PBXFileReference section */

/* Begin PBXFrameworksBuildPhase section */
		BE704D96273FC28200A430C0 /* Frameworks */ = {
			isa = PBXFrameworksBuildPhase;
			buildActionMask = 2147483647;
			files = (
			);
			runOnlyForDeploymentPostprocessing = 0;
		};
		BE704DAC273FC28300A430C0 /* Frameworks */ = {
			isa = PBXFrameworksBuildPhase;
			buildActionMask = 2147483647;
			files = (
			);
			runOnlyForDeploymentPostprocessing = 0;
		};
		BE704DB6273FC28300A430C0 /* Frameworks */ = {
			isa = PBXFrameworksBuildPhase;
			buildActionMask = 2147483647;
			files = (
			);
			runOnlyForDeploymentPostprocessing = 0;
		};
/* End PBXFrameworksBuildPhase section */

/* Begin PBXGroup section */
		BE704D90273FC28200A430C0 = {
			isa = PBXGroup;
			children = (
				BE704D9B273FC28200A430C0 /* MissionList */,
				BE704DB2273FC28300A430C0 /* MissionListTests */,
				BE704DBC273FC28300A430C0 /* MissionListUITests */,
				BE704D9A273FC28200A430C0 /* Products */,
			);
			sourceTree = "<group>";
		};
		BE704D9A273FC28200A430C0 /* Products */ = {
			isa = PBXGroup;
			children = (
				BE704D99273FC28200A430C0 /* MissionList.app */,
				BE704DAF273FC28300A430C0 /* MissionListTests.xctest */,
				BE704DB9273FC28300A430C0 /* MissionListUITests.xctest */,
			);
			name = Products;
			sourceTree = "<group>";
		};
		BE704D9B273FC28200A430C0 /* MissionList */ = {
			isa = PBXGroup;
			children = (
				BE704D9C273FC28200A430C0 /* AppDelegate.swift */,
				BE704D9E273FC28200A430C0 /* SceneDelegate.swift */,
				BE704DA0273FC28200A430C0 /* ViewController.swift */,
				BE704DA2273FC28200A430C0 /* Main.storyboard */,
				BE704DA5273FC28300A430C0 /* Assets.xcassets */,
				BE704DA7273FC28300A430C0 /* LaunchScreen.storyboard */,
				BE704DAA273FC28300A430C0 /* Info.plist */,
			);
			path = MissionList;
			sourceTree = "<group>";
		};
		BE704DB2273FC28300A430C0 /* MissionListTests */ = {
			isa = PBXGroup;
			children = (
				BE704DB3273FC28300A430C0 /* MissionListTests.swift */,
			);
			path = MissionListTests;
			sourceTree = "<group>";
		};
		BE704DBC273FC28300A430C0 /* MissionListUITests */ = {
			isa = PBXGroup;
			children = (
				BE704DBD273FC28300A430C0 /* MissionListUITests.swift */,
				BE704DBF273FC28300A430C0 /* MissionListUITestsLaunchTests.swift */,
			);
			path = MissionListUITests;
			sourceTree = "<group>";
		};
/* End PBXGroup section */

/* Begin PBXNativeTarget section */
		BE704D98273FC28200A430C0 /* MissionList */ = {
			isa = PBXNativeTarget;
			buildConfigurationList = BE704DC3273FC28300A430C0 /* Build configuration list for PBXNativeTarget "MissionList" */;
			buildPhases = (
				BE704D95273FC28200A430C0 /* Sources */,
				BE704D96273FC28200A430C0 /* Frameworks */,
				BE704D97273FC28200A430C0 /* Resources */,
			);
			buildRules = (
			);
			dependencies = (
			);
			name = MissionList;
			productName = MissionList;
			productReference = BE704D99273FC28200A430C0 /* MissionList.app */;
			productType = "com.apple.product-type.application";
		};
		BE704DAE273FC28300A430C0 /* MissionListTests */ = {
			isa = PBXNativeTarget;
			buildConfigurationList = BE704DC6273FC28300A430C0 /* Build configuration list for PBXNativeTarget "MissionListTests" */;
			buildPhases = (
				BE704DAB273FC28300A430C0 /* Sources */,
				BE704DAC273FC28300A430C0 /* Frameworks */,
				BE704DAD273FC28300A430C0 /* Resources */,
			);
			buildRules = (
			);
			dependencies = (
				BE704DB1273FC28300A430C0 /* PBXTargetDependency */,
			);
			name = MissionListTests;
			productName = MissionListTests;
			productReference = BE704DAF273FC28300A430C0 /* MissionListTests.xctest */;
			productType = "com.apple.product-type.bundle.unit-test";
		};
		BE704DB8273FC28300A430C0 /* MissionListUITests */ = {
			isa = PBXNativeTarget;
			buildConfigurationList = BE704DC9273FC28300A430C0 /* Build configuration list for PBXNativeTarget "MissionListUITests" */;
			buildPhases = (
				BE704DB5273FC28300A430C0 /* Sources */,
				BE704DB6273FC28300A430C0 /* Frameworks */,
				BE704DB7273FC28300A430C0 /* Resources */,
			);
			buildRules = (
			);
			dependencies = (
				BE704DBB273FC28300A430C0 /* PBXTargetDependency */,
			);
			name = MissionListUITests;
			productName = MissionListUITests;
			productReference = BE704DB9273FC28300A430C0 /* MissionListUITests.xctest */;
			productType = "com.apple.product-type.bundle.ui-testing";
		};
/* End PBXNativeTarget section */

/* Begin PBXProject section */
		BE704D91273FC28200A430C0 /* Project object */ = {
			isa = PBXProject;
			attributes = {
				BuildIndependentTargetsInParallel = 1;
				LastSwiftUpdateCheck = 1310;
				LastUpgradeCheck = 1310;
				TargetAttributes = {
					BE704D98273FC28200A430C0 = {
						CreatedOnToolsVersion = 13.1;
					};
					BE704DAE273FC28300A430C0 = {
						CreatedOnToolsVersion = 13.1;
						TestTargetID = BE704D98273FC28200A430C0;
					};
					BE704DB8273FC28300A430C0 = {
						CreatedOnToolsVersion = 13.1;
						TestTargetID = BE704D98273FC28200A430C0;
					};
				};
			};
			buildConfigurationList = BE704D94273FC28200A430C0 /* Build configuration list for PBXProject "MissionList" */;
			compatibilityVersion = "Xcode 13.0";
			developmentRegion = en;
			hasScannedForEncodings = 0;
			knownRegions = (
				en,
				Base,
			);
			mainGroup = BE704D90273FC28200A430C0;
			productRefGroup = BE704D9A273FC28200A430C0 /* Products */;
			projectDirPath = "";
			projectRoot = "";
			targets = (
				BE704D98273FC28200A430C0 /* MissionList */,
				BE704DAE273FC28300A430C0 /* MissionListTests */,
				BE704DB8273FC28300A430C0 /* MissionListUITests */,
			);
		};
/* End PBXProject section */

/* Begin PBXResourcesBuildPhase section */
		BE704D97273FC28200A430C0 /* Resources */ = {
			isa = PBXResourcesBuildPhase;
			buildActionMask = 2147483647;
			files = (
				BE704DA9273FC28300A430C0 /* LaunchScreen.storyboard in Resources */,
				BE704DA6273FC28300A430C0 /* Assets.xcassets in Resources */,
				BE704DA4273FC28200A430C0 /* Main.storyboard in Resources */,
			);
			runOnlyForDeploymentPostprocessing = 0;
		};
		BE704DAD273FC28300A430C0 /* Resources */ = {
			isa = PBXResourcesBuildPhase;
			buildActionMask = 2147483647;
			files = (
			);
			runOnlyForDeploymentPostprocessing = 0;
		};
		BE704DB7273FC28300A430C0 /* Resources */ = {
			isa = PBXResourcesBuildPhase;
			buildActionMask = 2147483647;
			files = (
			);
			runOnlyForDeploymentPostprocessing = 0;
		};
/* End PBXResourcesBuildPhase section */

/* Begin PBXSourcesBuildPhase section */
		BE704D95273FC28200A430C0 /* Sources */ = {
			isa = PBXSourcesBuildPhase;
			buildActionMask = 2147483647;
			files = (
				BE704DA1273FC28200A430C0 /* ViewController.swift in Sources */,
				BE704D9D273FC28200A430C0 /* AppDelegate.swift in Sources */,
				BE704D9F273FC28200A430C0 /* SceneDelegate.swift in Sources */,
			);
			runOnlyForDeploymentPostprocessing = 0;
		};
		BE704DAB273FC28300A430C0 /* Sources */ = {
			isa = PBXSourcesBuildPhase;
			buildActionMask = 2147483647;
			files = (
				BE704DB4273FC28300A430C0 /* MissionListTests.swift in Sources */,
			);
			runOnlyForDeploymentPostprocessing = 0;
		};
		BE704DB5273FC28300A430C0 /* Sources */ = {
			isa = PBXSourcesBuildPhase;
			buildActionMask = 2147483647;
			files = (
				BE704DBE273FC28300A430C0 /* MissionListUITests.swift in Sources */,
				BE704DC0273FC28300A430C0 /* MissionListUITestsLaunchTests.swift in Sources */,
			);
			runOnlyForDeploymentPostprocessing = 0;
		};
/* End PBXSourcesBuildPhase section */

/* Begin PBXTargetDependency section */
		BE704DB1273FC28300A430C0 /* PBXTargetDependency */ = {
			isa = PBXTargetDependency;
			target = BE704D98273FC28200A430C0 /* MissionList */;
			targetProxy = BE704DB0273FC28300A430C0 /* PBXContainerItemProxy */;
		};
		BE704DBB273FC28300A430C0 /* PBXTargetDependency */ = {
			isa = PBXTargetDependency;
			target = BE704D98273FC28200A430C0 /* MissionList */;
			targetProxy = BE704DBA273FC28300A430C0 /* PBXContainerItemProxy */;
		};
/* End PBXTargetDependency section */

/* Begin PBXVariantGroup section */
		BE704DA2273FC28200A430C0 /* Main.storyboard */ = {
			isa = PBXVariantGroup;
			children = (
				BE704DA3273FC28200A430C0 /* Base */,
			);
			name = Main.storyboard;
			sourceTree = "<group>";
		};
		BE704DA7273FC28300A430C0 /* LaunchScreen.storyboard */ = {
			isa = PBXVariantGroup;
			children = (
				BE704DA8273FC28300A430C0 /* Base */,
			);
			name = LaunchScreen.storyboard;
			sourceTree = "<group>";
		};
/* End PBXVariantGroup section */

/* Begin XCBuildConfiguration section */
		BE704DC1273FC28300A430C0 /* Debug */ = {
			isa = XCBuildConfiguration;
			buildSettings = {
				ALWAYS_SEARCH_USER_PATHS = NO;
				CLANG_ANALYZER_NONNULL = YES;
				CLANG_ANALYZER_NUMBER_OBJECT_CONVERSION = YES_AGGRESSIVE;
				CLANG_CXX_LANGUAGE_STANDARD = "gnu++17";
				CLANG_CXX_LIBRARY = "libc++";
				CLANG_ENABLE_MODULES = YES;
				CLANG_ENABLE_OBJC_ARC = YES;
				CLANG_ENABLE_OBJC_WEAK = YES;
				CLANG_WARN_BLOCK_CAPTURE_AUTORELEASING = YES;
				CLANG_WARN_BOOL_CONVERSION = YES;
				CLANG_WARN_COMMA = YES;
				CLANG_WARN_CONSTANT_CONVERSION = YES;
				CLANG_WARN_DEPRECATED_OBJC_IMPLEMENTATIONS = YES;
				CLANG_WARN_DIRECT_OBJC_ISA_USAGE = YES_ERROR;
				CLANG_WARN_DOCUMENTATION_COMMENTS = YES;
				CLANG_WARN_EMPTY_BODY = YES;
				CLANG_WARN_ENUM_CONVERSION = YES;
				CLANG_WARN_INFINITE_RECURSION = YES;
				CLANG_WARN_INT_CONVERSION = YES;
				CLANG_WARN_NON_LITERAL_NULL_CONVERSION = YES;
				CLANG_WARN_OBJC_IMPLICIT_RETAIN_SELF = YES;
				CLANG_WARN_OBJC_LITERAL_CONVERSION = YES;
				CLANG_WARN_OBJC_ROOT_CLASS = YES_ERROR;
				CLANG_WARN_QUOTED_INCLUDE_IN_FRAMEWORK_HEADER = YES;
				CLANG_WARN_RANGE_LOOP_ANALYSIS = YES;
				CLANG_WARN_STRICT_PROTOTYPES = YES;
				CLANG_WARN_SUSPICIOUS_MOVE = YES;
				CLANG_WARN_UNGUARDED_AVAILABILITY = YES_AGGRESSIVE;
				CLANG_WARN_UNREACHABLE_CODE = YES;
				CLANG_WARN__DUPLICATE_METHOD_MATCH = YES;
				COPY_PHASE_STRIP = NO;
				DEBUG_INFORMATION_FORMAT = dwarf;
				ENABLE_STRICT_OBJC_MSGSEND = YES;
				ENABLE_TESTABILITY = YES;
				GCC_C_LANGUAGE_STANDARD = gnu11;
				GCC_DYNAMIC_NO_PIC = NO;
				GCC_NO_COMMON_BLOCKS = YES;
				GCC_OPTIMIZATION_LEVEL = 0;
				GCC_PREPROCESSOR_DEFINITIONS = (
					"DEBUG=1",
					"$(inherited)",
				);
				GCC_WARN_64_TO_32_BIT_CONVERSION = YES;
				GCC_WARN_ABOUT_RETURN_TYPE = YES_ERROR;
				GCC_WARN_UNDECLARED_SELECTOR = YES;
				GCC_WARN_UNINITIALIZED_AUTOS = YES_AGGRESSIVE;
				GCC_WARN_UNUSED_FUNCTION = YES;
				GCC_WARN_UNUSED_VARIABLE = YES;
				IPHONEOS_DEPLOYMENT_TARGET = 15.0;
				MTL_ENABLE_DEBUG_INFO = INCLUDE_SOURCE;
				MTL_FAST_MATH = YES;
				ONLY_ACTIVE_ARCH = YES;
				SDKROOT = iphoneos;
				SWIFT_ACTIVE_COMPILATION_CONDITIONS = DEBUG;
				SWIFT_OPTIMIZATION_LEVEL = "-Onone";
			};
			name = Debug;
		};
		BE704DC2273FC28300A430C0 /* Release */ = {
			isa = XCBuildConfiguration;
			buildSettings = {
				ALWAYS_SEARCH_USER_PATHS = NO;
				CLANG_ANALYZER_NONNULL = YES;
				CLANG_ANALYZER_NUMBER_OBJECT_CONVERSION = YES_AGGRESSIVE;
				CLANG_CXX_LANGUAGE_STANDARD = "gnu++17";
				CLANG_CXX_LIBRARY = "libc++";
				CLANG_ENABLE_MODULES = YES;
				CLANG_ENABLE_OBJC_ARC = YES;
				CLANG_ENABLE_OBJC_WEAK = YES;
				CLANG_WARN_BLOCK_CAPTURE_AUTORELEASING = YES;
				CLANG_WARN_BOOL_CONVERSION = YES;
				CLANG_WARN_COMMA = YES;
				CLANG_WARN_CONSTANT_CONVERSION = YES;
				CLANG_WARN_DEPRECATED_OBJC_IMPLEMENTATIONS = YES;
				CLANG_WARN_DIRECT_OBJC_ISA_USAGE = YES_ERROR;
				CLANG_WARN_DOCUMENTATION_COMMENTS = YES;
				CLANG_WARN_EMPTY_BODY = YES;
				CLANG_WARN_ENUM_CONVERSION = YES;
				CLANG_WARN_INFINITE_RECURSION = YES;
				CLANG_WARN_INT_CONVERSION = YES;
				CLANG_WARN_NON_LITERAL_NULL_CONVERSION = YES;
				CLANG_WARN_OBJC_IMPLICIT_RETAIN_SELF = YES;
				CLANG_WARN_OBJC_LITERAL_CONVERSION = YES;
				CLANG_WARN_OBJC_ROOT_CLASS = YES_ERROR;
				CLANG_WARN_QUOTED_INCLUDE_IN_FRAMEWORK_HEADER = YES;
				CLANG_WARN_RANGE_LOOP_ANALYSIS = YES;
				CLANG_WARN_STRICT_PROTOTYPES = YES;
				CLANG_WARN_SUSPICIOUS_MOVE = YES;
				CLANG_WARN_UNGUARDED_AVAILABILITY = YES_AGGRESSIVE;
				CLANG_WARN_UNREACHABLE_CODE = YES;
				CLANG_WARN__DUPLICATE_METHOD_MATCH = YES;
				COPY_PHASE_STRIP = NO;
				DEBUG_INFORMATION_FORMAT = "dwarf-with-dsym";
				ENABLE_NS_ASSERTIONS = NO;
				ENABLE_STRICT_OBJC_MSGSEND = YES;
				GCC_C_LANGUAGE_STANDARD = gnu11;
				GCC_NO_COMMON_BLOCKS = YES;
				GCC_WARN_64_TO_32_BIT_CONVERSION = YES;
				GCC_WARN_ABOUT_RETURN_TYPE = YES_ERROR;
				GCC_WARN_UNDECLARED_SELECTOR = YES;
				GCC_WARN_UNINITIALIZED_AUTOS = YES_AGGRESSIVE;
				GCC_WARN_UNUSED_FUNCTION = YES;
				GCC_WARN_UNUSED_VARIABLE = YES;
				IPHONEOS_DEPLOYMENT_TARGET = 15.0;
				MTL_ENABLE_DEBUG_INFO = NO;
				MTL_FAST_MATH = YES;
				SDKROOT = iphoneos;
				SWIFT_COMPILATION_MODE = wholemodule;
				SWIFT_OPTIMIZATION_LEVEL = "-O";
				VALIDATE_PRODUCT = YES;
			};
			name = Release;
		};
		BE704DC4273FC28300A430C0 /* Debug */ = {
			isa = XCBuildConfiguration;
			buildSettings = {
				ASSETCATALOG_COMPILER_APPICON_NAME = AppIcon;
				ASSETCATALOG_COMPILER_GLOBAL_ACCENT_COLOR_NAME = AccentColor;
				CODE_SIGN_STYLE = Automatic;
				CURRENT_PROJECT_VERSION = 1;
				DEVELOPMENT_TEAM = MUBF88545S;
				GENERATE_INFOPLIST_FILE = YES;
				INFOPLIST_FILE = MissionList/Info.plist;
				INFOPLIST_KEY_UIApplicationSupportsIndirectInputEvents = YES;
				INFOPLIST_KEY_UILaunchStoryboardName = LaunchScreen;
				INFOPLIST_KEY_UIMainStoryboardFile = Main;
				INFOPLIST_KEY_UISupportedInterfaceOrientations_iPad = "UIInterfaceOrientationPortrait UIInterfaceOrientationPortraitUpsideDown UIInterfaceOrientationLandscapeLeft UIInterfaceOrientationLandscapeRight";
				INFOPLIST_KEY_UISupportedInterfaceOrientations_iPhone = "UIInterfaceOrientationPortrait UIInterfaceOrientationLandscapeLeft UIInterfaceOrientationLandscapeRight";
				LD_RUNPATH_SEARCH_PATHS = (
					"$(inherited)",
					"@executable_path/Frameworks",
				);
				MARKETING_VERSION = 1.0;
				PRODUCT_BUNDLE_IDENTIFIER = com.recostudio.MissionList;
				PRODUCT_NAME = "$(TARGET_NAME)";
				SWIFT_EMIT_LOC_STRINGS = YES;
				SWIFT_VERSION = 5.0;
				TARGETED_DEVICE_FAMILY = "1,2";
			};
			name = Debug;
		};
		BE704DC5273FC28300A430C0 /* Release */ = {
			isa = XCBuildConfiguration;
			buildSettings = {
				ASSETCATALOG_COMPILER_APPICON_NAME = AppIcon;
				ASSETCATALOG_COMPILER_GLOBAL_ACCENT_COLOR_NAME = AccentColor;
				CODE_SIGN_STYLE = Automatic;
				CURRENT_PROJECT_VERSION = 1;
				DEVELOPMENT_TEAM = MUBF88545S;
				GENERATE_INFOPLIST_FILE = YES;
				INFOPLIST_FILE = MissionList/Info.plist;
				INFOPLIST_KEY_UIApplicationSupportsIndirectInputEvents = YES;
				INFOPLIST_KEY_UILaunchStoryboardName = LaunchScreen;
				INFOPLIST_KEY_UIMainStoryboardFile = Main;
				INFOPLIST_KEY_UISupportedInterfaceOrientations_iPad = "UIInterfaceOrientationPortrait UIInterfaceOrientationPortraitUpsideDown UIInterfaceOrientationLandscapeLeft UIInterfaceOrientationLandscapeRight";
				INFOPLIST_KEY_UISupportedInterfaceOrientations_iPhone = "UIInterfaceOrientationPortrait UIInterfaceOrientationLandscapeLeft UIInterfaceOrientationLandscapeRight";
				LD_RUNPATH_SEARCH_PATHS = (
					"$(inherited)",
					"@executable_path/Frameworks",
				);
				MARKETING_VERSION = 1.0;
				PRODUCT_BUNDLE_IDENTIFIER = com.recostudio.MissionList;
				PRODUCT_NAME = "$(TARGET_NAME)";
				SWIFT_EMIT_LOC_STRINGS = YES;
				SWIFT_VERSION = 5.0;
				TARGETED_DEVICE_FAMILY = "1,2";
			};
			name = Release;
		};
		BE704DC7273FC28300A430C0 /* Debug */ = {
			isa = XCBuildConfiguration;
			buildSettings = {
				ALWAYS_EMBED_SWIFT_STANDARD_LIBRARIES = YES;
				BUNDLE_LOADER = "$(TEST_HOST)";
				CODE_SIGN_STYLE = Automatic;
				CURRENT_PROJECT_VERSION = 1;
				DEVELOPMENT_TEAM = MUBF88545S;
				GENERATE_INFOPLIST_FILE = YES;
				IPHONEOS_DEPLOYMENT_TARGET = 15.0;
				LD_RUNPATH_SEARCH_PATHS = (
					"$(inherited)",
					"@executable_path/Frameworks",
					"@loader_path/Frameworks",
				);
				MARKETING_VERSION = 1.0;
				PRODUCT_BUNDLE_IDENTIFIER = com.recostudio.MissionListTests;
				PRODUCT_NAME = "$(TARGET_NAME)";
				SWIFT_EMIT_LOC_STRINGS = NO;
				SWIFT_VERSION = 5.0;
				TARGETED_DEVICE_FAMILY = "1,2";
				TEST_HOST = "$(BUILT_PRODUCTS_DIR)/MissionList.app/MissionList";
			};
			name = Debug;
		};
		BE704DC8273FC28300A430C0 /* Release */ = {
			isa = XCBuildConfiguration;
			buildSettings = {
				ALWAYS_EMBED_SWIFT_STANDARD_LIBRARIES = YES;
				BUNDLE_LOADER = "$(TEST_HOST)";
				CODE_SIGN_STYLE = Automatic;
				CURRENT_PROJECT_VERSION = 1;
				DEVELOPMENT_TEAM = MUBF88545S;
				GENERATE_INFOPLIST_FILE = YES;
				IPHONEOS_DEPLOYMENT_TARGET = 15.0;
				LD_RUNPATH_SEARCH_PATHS = (
					"$(inherited)",
					"@executable_path/Frameworks",
					"@loader_path/Frameworks",
				);
				MARKETING_VERSION = 1.0;
				PRODUCT_BUNDLE_IDENTIFIER = com.recostudio.MissionListTests;
				PRODUCT_NAME = "$(TARGET_NAME)";
				SWIFT_EMIT_LOC_STRINGS = NO;
				SWIFT_VERSION = 5.0;
				TARGETED_DEVICE_FAMILY = "1,2";
				TEST_HOST = "$(BUILT_PRODUCTS_DIR)/MissionList.app/MissionList";
			};
			name = Release;
		};
		BE704DCA273FC28300A430C0 /* Debug */ = {
			isa = XCBuildConfiguration;
			buildSettings = {
				ALWAYS_EMBED_SWIFT_STANDARD_LIBRARIES = YES;
				CODE_SIGN_STYLE = Automatic;
				CURRENT_PROJECT_VERSION = 1;
				DEVELOPMENT_TEAM = MUBF88545S;
				GENERATE_INFOPLIST_FILE = YES;
				LD_RUNPATH_SEARCH_PATHS = (
					"$(inherited)",
					"@executable_path/Frameworks",
					"@loader_path/Frameworks",
				);
				MARKETING_VERSION = 1.0;
				PRODUCT_BUNDLE_IDENTIFIER = com.recostudio.MissionListUITests;
				PRODUCT_NAME = "$(TARGET_NAME)";
				SWIFT_EMIT_LOC_STRINGS = NO;
				SWIFT_VERSION = 5.0;
				TARGETED_DEVICE_FAMILY = "1,2";
				TEST_TARGET_NAME = MissionList;
			};
			name = Debug;
		};
		BE704DCB273FC28300A430C0 /* Release */ = {
			isa = XCBuildConfiguration;
			buildSettings = {
				ALWAYS_EMBED_SWIFT_STANDARD_LIBRARIES = YES;
				CODE_SIGN_STYLE = Automatic;
				CURRENT_PROJECT_VERSION = 1;
				DEVELOPMENT_TEAM = MUBF88545S;
				GENERATE_INFOPLIST_FILE = YES;
				LD_RUNPATH_SEARCH_PATHS = (
					"$(inherited)",
					"@executable_path/Frameworks",
					"@loader_path/Frameworks",
				);
				MARKETING_VERSION = 1.0;
				PRODUCT_BUNDLE_IDENTIFIER = com.recostudio.MissionListUITests;
				PRODUCT_NAME = "$(TARGET_NAME)";
				SWIFT_EMIT_LOC_STRINGS = NO;
				SWIFT_VERSION = 5.0;
				TARGETED_DEVICE_FAMILY = "1,2";
				TEST_TARGET_NAME = MissionList;
			};
			name = Release;
		};
/* End XCBuildConfiguration section */

/* Begin XCConfigurationList section */
		BE704D94273FC28200A430C0 /* Build configuration list for PBXProject "MissionList" */ = {
			isa = XCConfigurationList;
			buildConfigurations = (
				BE704DC1273FC28300A430C0 /* Debug */,
				BE704DC2273FC28300A430C0 /* Release */,
			);
			defaultConfigurationIsVisible = 0;
			defaultConfigurationName = Release;
		};
		BE704DC3273FC28300A430C0 /* Build configuration list for PBXNativeTarget "MissionList" */ = {
			isa = XCConfigurationList;
			buildConfigurations = (
				BE704DC4273FC28300A430C0 /* Debug */,
				BE704DC5273FC28300A430C0 /* Release */,
			);
			defaultConfigurationIsVisible = 0;
			defaultConfigurationName = Release;
		};
		BE704DC6273FC28300A430C0 /* Build configuration list for PBXNativeTarget "MissionListTests" */ = {
			isa = XCConfigurationList;
			buildConfigurations = (
				BE704DC7273FC28300A430C0 /* Debug */,
				BE704DC8273FC28300A430C0 /* Release */,
			);
			defaultConfigurationIsVisible = 0;
			defaultConfigurationName = Release;
		};
		BE704DC9273FC28300A430C0 /* Build configuration list for PBXNativeTarget "MissionListUITests" */ = {
			isa = XCConfigurationList;
			buildConfigurations = (
				BE704DCA273FC28300A430C0 /* Debug */,
				BE704DCB273FC28300A430C0 /* Release */,
			);
			defaultConfigurationIsVisible = 0;
			defaultConfigurationName = Release;
		};
/* End XCConfigurationList section */
	};
	rootObject = BE704D91273FC28200A430C0 /* Project object */;
}
